// !$*UTF8*$!
{
	archiveVersion = 1;
	classes = {
	};
	objectVersion = 50;
	objects = {

/* Begin PBXBuildFile section */
		4556A71723392C1E00FD0CC5 /* AppDelegate.swift in Sources */ = {isa = PBXBuildFile; fileRef = 4556A71623392C1E00FD0CC5 /* AppDelegate.swift */; };
		4556A71C23392C1E00FD0CC5 /* Main.storyboard in Resources */ = {isa = PBXBuildFile; fileRef = 4556A71A23392C1E00FD0CC5 /* Main.storyboard */; };
		4556A71E23392C1F00FD0CC5 /* Assets.xcassets in Resources */ = {isa = PBXBuildFile; fileRef = 4556A71D23392C1F00FD0CC5 /* Assets.xcassets */; };
		4556A72123392C1F00FD0CC5 /* LaunchScreen.storyboard in Resources */ = {isa = PBXBuildFile; fileRef = 4556A71F23392C1F00FD0CC5 /* LaunchScreen.storyboard */; };
		45BB10A7233975E0007538E3 /* LandListingsCollectionViewController.swift in Sources */ = {isa = PBXBuildFile; fileRef = 45BB10A6233975E0007538E3 /* LandListingsCollectionViewController.swift */; };
		45BB10A923397648007538E3 /* LandDetailViewController.swift in Sources */ = {isa = PBXBuildFile; fileRef = 45BB10A823397648007538E3 /* LandDetailViewController.swift */; };
		45BB10AB23397670007538E3 /* LandListedCollectionViewCell.swift in Sources */ = {isa = PBXBuildFile; fileRef = 45BB10AA23397670007538E3 /* LandListedCollectionViewCell.swift */; };
		45BB10AD233976FE007538E3 /* LogInViewController.swift in Sources */ = {isa = PBXBuildFile; fileRef = 45BB10AC233976FE007538E3 /* LogInViewController.swift */; };
		45BB10AF2339778A007538E3 /* CreateProfileViewController.swift in Sources */ = {isa = PBXBuildFile; fileRef = 45BB10AE2339778A007538E3 /* CreateProfileViewController.swift */; };
		45BB10B12339780E007538E3 /* UserViewController.swift in Sources */ = {isa = PBXBuildFile; fileRef = 45BB10B02339780E007538E3 /* UserViewController.swift */; };
		45BB10B32339782C007538E3 /* ListYourLandViewController.swift in Sources */ = {isa = PBXBuildFile; fileRef = 45BB10B22339782C007538E3 /* ListYourLandViewController.swift */; };
		45BB10B52339785B007538E3 /* SettingsViewController.swift in Sources */ = {isa = PBXBuildFile; fileRef = 45BB10B42339785B007538E3 /* SettingsViewController.swift */; };
		45BB10B8233A7136007538E3 /* RegisterUserRepresentation.swift in Sources */ = {isa = PBXBuildFile; fileRef = 45BB10B7233A7136007538E3 /* RegisterUserRepresentation.swift */; };
		45BB10BA233A7231007538E3 /* LogInUserRepresentation.swift in Sources */ = {isa = PBXBuildFile; fileRef = 45BB10B9233A7231007538E3 /* LogInUserRepresentation.swift */; };
		45BB10BC233A727D007538E3 /* ListingRepresentation.swift in Sources */ = {isa = PBXBuildFile; fileRef = 45BB10BB233A727D007538E3 /* ListingRepresentation.swift */; };
		45BB10BF233A73D7007538E3 /* RvBNB+Convenience.swift in Sources */ = {isa = PBXBuildFile; fileRef = 45BB10BE233A73D7007538E3 /* RvBNB+Convenience.swift */; };
		DD142C67233951B3004CF624 /* UserProfile.storyboard in Resources */ = {isa = PBXBuildFile; fileRef = DD142C66233951B3004CF624 /* UserProfile.storyboard */; };
		DDDE789D233A7BBF007DE334 /* coreDataController.swift in Sources */ = {isa = PBXBuildFile; fileRef = DDDE789C233A7BBF007DE334 /* coreDataController.swift */; };
		DDDE789F233A8642007DE334 /* Bearer.swift in Sources */ = {isa = PBXBuildFile; fileRef = DDDE789E233A8642007DE334 /* Bearer.swift */; };
		DDEE8D02233A6D1500F8AB4A /* RvBNB.xcdatamodeld in Sources */ = {isa = PBXBuildFile; fileRef = DDEE8D00233A6D1500F8AB4A /* RvBNB.xcdatamodeld */; };
		DDEE8D05233A6E3800F8AB4A /* CoreDataStack.swift in Sources */ = {isa = PBXBuildFile; fileRef = DDEE8D04233A6E3800F8AB4A /* CoreDataStack.swift */; };
/* End PBXBuildFile section */

/* Begin PBXFileReference section */
		4556A71323392C1E00FD0CC5 /* RvBNB.app */ = {isa = PBXFileReference; explicitFileType = wrapper.application; includeInIndex = 0; path = RvBNB.app; sourceTree = BUILT_PRODUCTS_DIR; };
		4556A71623392C1E00FD0CC5 /* AppDelegate.swift */ = {isa = PBXFileReference; lastKnownFileType = sourcecode.swift; path = AppDelegate.swift; sourceTree = "<group>"; };
		4556A71B23392C1E00FD0CC5 /* Base */ = {isa = PBXFileReference; lastKnownFileType = file.storyboard; name = Base; path = Base.lproj/Main.storyboard; sourceTree = "<group>"; };
		4556A71D23392C1F00FD0CC5 /* Assets.xcassets */ = {isa = PBXFileReference; lastKnownFileType = folder.assetcatalog; path = Assets.xcassets; sourceTree = "<group>"; };
		4556A72023392C1F00FD0CC5 /* Base */ = {isa = PBXFileReference; lastKnownFileType = file.storyboard; name = Base; path = Base.lproj/LaunchScreen.storyboard; sourceTree = "<group>"; };
		4556A72223392C1F00FD0CC5 /* Info.plist */ = {isa = PBXFileReference; lastKnownFileType = text.plist.xml; path = Info.plist; sourceTree = "<group>"; };
		45BB10A6233975E0007538E3 /* LandListingsCollectionViewController.swift */ = {isa = PBXFileReference; lastKnownFileType = sourcecode.swift; path = LandListingsCollectionViewController.swift; sourceTree = "<group>"; };
		45BB10A823397648007538E3 /* LandDetailViewController.swift */ = {isa = PBXFileReference; lastKnownFileType = sourcecode.swift; path = LandDetailViewController.swift; sourceTree = "<group>"; };
		45BB10AA23397670007538E3 /* LandListedCollectionViewCell.swift */ = {isa = PBXFileReference; lastKnownFileType = sourcecode.swift; path = LandListedCollectionViewCell.swift; sourceTree = "<group>"; };
		45BB10AC233976FE007538E3 /* LogInViewController.swift */ = {isa = PBXFileReference; lastKnownFileType = sourcecode.swift; path = LogInViewController.swift; sourceTree = "<group>"; };
		45BB10AE2339778A007538E3 /* CreateProfileViewController.swift */ = {isa = PBXFileReference; lastKnownFileType = sourcecode.swift; path = CreateProfileViewController.swift; sourceTree = "<group>"; };
		45BB10B02339780E007538E3 /* UserViewController.swift */ = {isa = PBXFileReference; lastKnownFileType = sourcecode.swift; path = UserViewController.swift; sourceTree = "<group>"; };
		45BB10B22339782C007538E3 /* ListYourLandViewController.swift */ = {isa = PBXFileReference; lastKnownFileType = sourcecode.swift; path = ListYourLandViewController.swift; sourceTree = "<group>"; };
		45BB10B42339785B007538E3 /* SettingsViewController.swift */ = {isa = PBXFileReference; lastKnownFileType = sourcecode.swift; path = SettingsViewController.swift; sourceTree = "<group>"; };
		45BB10B7233A7136007538E3 /* RegisterUserRepresentation.swift */ = {isa = PBXFileReference; lastKnownFileType = sourcecode.swift; path = RegisterUserRepresentation.swift; sourceTree = "<group>"; };
		45BB10B9233A7231007538E3 /* LogInUserRepresentation.swift */ = {isa = PBXFileReference; lastKnownFileType = sourcecode.swift; path = LogInUserRepresentation.swift; sourceTree = "<group>"; };
		45BB10BB233A727D007538E3 /* ListingRepresentation.swift */ = {isa = PBXFileReference; lastKnownFileType = sourcecode.swift; path = ListingRepresentation.swift; sourceTree = "<group>"; };
		45BB10BE233A73D7007538E3 /* RvBNB+Convenience.swift */ = {isa = PBXFileReference; lastKnownFileType = sourcecode.swift; path = "RvBNB+Convenience.swift"; sourceTree = "<group>"; };
		DD142C66233951B3004CF624 /* UserProfile.storyboard */ = {isa = PBXFileReference; lastKnownFileType = file.storyboard; path = UserProfile.storyboard; sourceTree = "<group>"; };
		DDDE789C233A7BBF007DE334 /* coreDataController.swift */ = {isa = PBXFileReference; lastKnownFileType = sourcecode.swift; path = coreDataController.swift; sourceTree = "<group>"; };
		DDDE789E233A8642007DE334 /* Bearer.swift */ = {isa = PBXFileReference; lastKnownFileType = sourcecode.swift; path = Bearer.swift; sourceTree = "<group>"; };
		DDEE8D01233A6D1500F8AB4A /* RvBNB.xcdatamodel */ = {isa = PBXFileReference; lastKnownFileType = wrapper.xcdatamodel; path = RvBNB.xcdatamodel; sourceTree = "<group>"; };
		DDEE8D04233A6E3800F8AB4A /* CoreDataStack.swift */ = {isa = PBXFileReference; lastKnownFileType = sourcecode.swift; path = CoreDataStack.swift; sourceTree = "<group>"; };
/* End PBXFileReference section */

/* Begin PBXFrameworksBuildPhase section */
		4556A71023392C1E00FD0CC5 /* Frameworks */ = {
			isa = PBXFrameworksBuildPhase;
			buildActionMask = 2147483647;
			files = (
			);
			runOnlyForDeploymentPostprocessing = 0;
		};
/* End PBXFrameworksBuildPhase section */

/* Begin PBXGroup section */
		4556A70A23392C1E00FD0CC5 = {
			isa = PBXGroup;
			children = (
				DDDE789B233A7BA0007DE334 /* model Controller */,
				45BB10BD233A738F007538E3 /* Model Representations */,
				DDEE8D03233A6D1C00F8AB4A /* Core data */,
				45BB10B6233978EE007538E3 /* View Controllers */,
				4556A71523392C1E00FD0CC5 /* RvBNB */,
				4556A71423392C1E00FD0CC5 /* Products */,
			);
			sourceTree = "<group>";
		};
		4556A71423392C1E00FD0CC5 /* Products */ = {
			isa = PBXGroup;
			children = (
				4556A71323392C1E00FD0CC5 /* RvBNB.app */,
			);
			name = Products;
			sourceTree = "<group>";
		};
		4556A71523392C1E00FD0CC5 /* RvBNB */ = {
			isa = PBXGroup;
			children = (
				4556A71623392C1E00FD0CC5 /* AppDelegate.swift */,
				DD142C652339517A004CF624 /* StoryBoards  */,
				4556A71D23392C1F00FD0CC5 /* Assets.xcassets */,
				4556A72223392C1F00FD0CC5 /* Info.plist */,
			);
			path = RvBNB;
			sourceTree = "<group>";
		};
		45BB10B6233978EE007538E3 /* View Controllers */ = {
			isa = PBXGroup;
			children = (
				45BB10A6233975E0007538E3 /* LandListingsCollectionViewController.swift */,
				45BB10A823397648007538E3 /* LandDetailViewController.swift */,
				45BB10AA23397670007538E3 /* LandListedCollectionViewCell.swift */,
				45BB10AC233976FE007538E3 /* LogInViewController.swift */,
				45BB10AE2339778A007538E3 /* CreateProfileViewController.swift */,
				45BB10B02339780E007538E3 /* UserViewController.swift */,
				45BB10B22339782C007538E3 /* ListYourLandViewController.swift */,
				45BB10B42339785B007538E3 /* SettingsViewController.swift */,
			);
			path = "View Controllers";
			sourceTree = "<group>";
		};
		45BB10BD233A738F007538E3 /* Model Representations */ = {
			isa = PBXGroup;
			children = (
				45BB10B7233A7136007538E3 /* RegisterUserRepresentation.swift */,
				45BB10B9233A7231007538E3 /* LogInUserRepresentation.swift */,
				45BB10BB233A727D007538E3 /* ListingRepresentation.swift */,
			);
			path = "Model Representations";
			sourceTree = "<group>";
		};
		DD142C652339517A004CF624 /* StoryBoards  */ = {
			isa = PBXGroup;
			children = (
				4556A71F23392C1F00FD0CC5 /* LaunchScreen.storyboard */,
				DD142C66233951B3004CF624 /* UserProfile.storyboard */,
				4556A71A23392C1E00FD0CC5 /* Main.storyboard */,
			);
			path = "StoryBoards ";
			sourceTree = "<group>";
		};
		DDDE789B233A7BA0007DE334 /* model Controller */ = {
			isa = PBXGroup;
			children = (
				DDDE789C233A7BBF007DE334 /* coreDataController.swift */,
				DDDE789E233A8642007DE334 /* Bearer.swift */,
			);
			path = "model Controller";
			sourceTree = "<group>";
		};
		DDEE8D03233A6D1C00F8AB4A /* Core data */ = {
			isa = PBXGroup;
			children = (
				45BB10BE233A73D7007538E3 /* RvBNB+Convenience.swift */,
				DDEE8D00233A6D1500F8AB4A /* RvBNB.xcdatamodeld */,
				DDEE8D04233A6E3800F8AB4A /* CoreDataStack.swift */,
			);
			path = "Core data";
			sourceTree = "<group>";
		};
/* End PBXGroup section */

/* Begin PBXNativeTarget section */
		4556A71223392C1E00FD0CC5 /* RvBNB */ = {
			isa = PBXNativeTarget;
			buildConfigurationList = 4556A72523392C1F00FD0CC5 /* Build configuration list for PBXNativeTarget "RvBNB" */;
			buildPhases = (
				4556A70F23392C1E00FD0CC5 /* Sources */,
				4556A71023392C1E00FD0CC5 /* Frameworks */,
				4556A71123392C1E00FD0CC5 /* Resources */,
			);
			buildRules = (
			);
			dependencies = (
			);
			name = RvBNB;
			productName = RvBNB;
			productReference = 4556A71323392C1E00FD0CC5 /* RvBNB.app */;
			productType = "com.apple.product-type.application";
		};
/* End PBXNativeTarget section */

/* Begin PBXProject section */
		4556A70B23392C1E00FD0CC5 /* Project object */ = {
			isa = PBXProject;
			attributes = {
				LastSwiftUpdateCheck = 1020;
				LastUpgradeCheck = 1020;
				ORGANIZATIONNAME = "Lambda School";
				TargetAttributes = {
					4556A71223392C1E00FD0CC5 = {
						CreatedOnToolsVersion = 10.2.1;
					};
				};
			};
			buildConfigurationList = 4556A70E23392C1E00FD0CC5 /* Build configuration list for PBXProject "RvBNB" */;
			compatibilityVersion = "Xcode 9.3";
			developmentRegion = en;
			hasScannedForEncodings = 0;
			knownRegions = (
				en,
				Base,
			);
			mainGroup = 4556A70A23392C1E00FD0CC5;
			productRefGroup = 4556A71423392C1E00FD0CC5 /* Products */;
			projectDirPath = "";
			projectRoot = "";
			targets = (
				4556A71223392C1E00FD0CC5 /* RvBNB */,
			);
		};
/* End PBXProject section */

/* Begin PBXResourcesBuildPhase section */
		4556A71123392C1E00FD0CC5 /* Resources */ = {
			isa = PBXResourcesBuildPhase;
			buildActionMask = 2147483647;
			files = (
				4556A72123392C1F00FD0CC5 /* LaunchScreen.storyboard in Resources */,
				DD142C67233951B3004CF624 /* UserProfile.storyboard in Resources */,
				4556A71E23392C1F00FD0CC5 /* Assets.xcassets in Resources */,
				4556A71C23392C1E00FD0CC5 /* Main.storyboard in Resources */,
			);
			runOnlyForDeploymentPostprocessing = 0;
		};
/* End PBXResourcesBuildPhase section */

/* Begin PBXSourcesBuildPhase section */
		4556A70F23392C1E00FD0CC5 /* Sources */ = {
			isa = PBXSourcesBuildPhase;
			buildActionMask = 2147483647;
			files = (
				45BB10B32339782C007538E3 /* ListYourLandViewController.swift in Sources */,
				45BB10B12339780E007538E3 /* UserViewController.swift in Sources */,
				DDEE8D02233A6D1500F8AB4A /* RvBNB.xcdatamodeld in Sources */,
				45BB10AB23397670007538E3 /* LandListedCollectionViewCell.swift in Sources */,
				45BB10A7233975E0007538E3 /* LandListingsCollectionViewController.swift in Sources */,
				4556A71723392C1E00FD0CC5 /* AppDelegate.swift in Sources */,
				DDEE8D05233A6E3800F8AB4A /* CoreDataStack.swift in Sources */,
				45BB10AD233976FE007538E3 /* LogInViewController.swift in Sources */,
				45BB10B8233A7136007538E3 /* RegisterUserRepresentation.swift in Sources */,
				45BB10AF2339778A007538E3 /* CreateProfileViewController.swift in Sources */,
				DDDE789F233A8642007DE334 /* Bearer.swift in Sources */,
				DDDE789D233A7BBF007DE334 /* coreDataController.swift in Sources */,
				45BB10A923397648007538E3 /* LandDetailViewController.swift in Sources */,
				45BB10BF233A73D7007538E3 /* RvBNB+Convenience.swift in Sources */,
				45BB10BA233A7231007538E3 /* LogInUserRepresentation.swift in Sources */,
				45BB10B52339785B007538E3 /* SettingsViewController.swift in Sources */,
				45BB10BC233A727D007538E3 /* ListingRepresentation.swift in Sources */,
			);
			runOnlyForDeploymentPostprocessing = 0;
		};
/* End PBXSourcesBuildPhase section */

/* Begin PBXVariantGroup section */
		4556A71A23392C1E00FD0CC5 /* Main.storyboard */ = {
			isa = PBXVariantGroup;
			children = (
				4556A71B23392C1E00FD0CC5 /* Base */,
			);
			name = Main.storyboard;
			sourceTree = "<group>";
		};
		4556A71F23392C1F00FD0CC5 /* LaunchScreen.storyboard */ = {
			isa = PBXVariantGroup;
			children = (
				4556A72023392C1F00FD0CC5 /* Base */,
			);
			name = LaunchScreen.storyboard;
			sourceTree = "<group>";
		};
/* End PBXVariantGroup section */

/* Begin XCBuildConfiguration section */
		4556A72323392C1F00FD0CC5 /* Debug */ = {
			isa = XCBuildConfiguration;
			buildSettings = {
				ALWAYS_SEARCH_USER_PATHS = NO;
				CLANG_ANALYZER_NONNULL = YES;
				CLANG_ANALYZER_NUMBER_OBJECT_CONVERSION = YES_AGGRESSIVE;
				CLANG_CXX_LANGUAGE_STANDARD = "gnu++14";
				CLANG_CXX_LIBRARY = "libc++";
				CLANG_ENABLE_MODULES = YES;
				CLANG_ENABLE_OBJC_ARC = YES;
				CLANG_ENABLE_OBJC_WEAK = YES;
				CLANG_WARN_BLOCK_CAPTURE_AUTORELEASING = YES;
				CLANG_WARN_BOOL_CONVERSION = YES;
				CLANG_WARN_COMMA = YES;
				CLANG_WARN_CONSTANT_CONVERSION = YES;
				CLANG_WARN_DEPRECATED_OBJC_IMPLEMENTATIONS = YES;
				CLANG_WARN_DIRECT_OBJC_ISA_USAGE = YES_ERROR;
				CLANG_WARN_DOCUMENTATION_COMMENTS = YES;
				CLANG_WARN_EMPTY_BODY = YES;
				CLANG_WARN_ENUM_CONVERSION = YES;
				CLANG_WARN_INFINITE_RECURSION = YES;
				CLANG_WARN_INT_CONVERSION = YES;
				CLANG_WARN_NON_LITERAL_NULL_CONVERSION = YES;
				CLANG_WARN_OBJC_IMPLICIT_RETAIN_SELF = YES;
				CLANG_WARN_OBJC_LITERAL_CONVERSION = YES;
				CLANG_WARN_OBJC_ROOT_CLASS = YES_ERROR;
				CLANG_WARN_RANGE_LOOP_ANALYSIS = YES;
				CLANG_WARN_STRICT_PROTOTYPES = YES;
				CLANG_WARN_SUSPICIOUS_MOVE = YES;
				CLANG_WARN_UNGUARDED_AVAILABILITY = YES_AGGRESSIVE;
				CLANG_WARN_UNREACHABLE_CODE = YES;
				CLANG_WARN__DUPLICATE_METHOD_MATCH = YES;
				CODE_SIGN_IDENTITY = "iPhone Developer";
				COPY_PHASE_STRIP = NO;
				DEBUG_INFORMATION_FORMAT = dwarf;
				ENABLE_STRICT_OBJC_MSGSEND = YES;
				ENABLE_TESTABILITY = YES;
				GCC_C_LANGUAGE_STANDARD = gnu11;
				GCC_DYNAMIC_NO_PIC = NO;
				GCC_NO_COMMON_BLOCKS = YES;
				GCC_OPTIMIZATION_LEVEL = 0;
				GCC_PREPROCESSOR_DEFINITIONS = (
					"DEBUG=1",
					"$(inherited)",
				);
				GCC_WARN_64_TO_32_BIT_CONVERSION = YES;
				GCC_WARN_ABOUT_RETURN_TYPE = YES_ERROR;
				GCC_WARN_UNDECLARED_SELECTOR = YES;
				GCC_WARN_UNINITIALIZED_AUTOS = YES_AGGRESSIVE;
				GCC_WARN_UNUSED_FUNCTION = YES;
				GCC_WARN_UNUSED_VARIABLE = YES;
				IPHONEOS_DEPLOYMENT_TARGET = 12.2;
				MTL_ENABLE_DEBUG_INFO = INCLUDE_SOURCE;
				MTL_FAST_MATH = YES;
				ONLY_ACTIVE_ARCH = YES;
				SDKROOT = iphoneos;
				SWIFT_ACTIVE_COMPILATION_CONDITIONS = DEBUG;
				SWIFT_OPTIMIZATION_LEVEL = "-Onone";
			};
			name = Debug;
		};
		4556A72423392C1F00FD0CC5 /* Release */ = {
			isa = XCBuildConfiguration;
			buildSettings = {
				ALWAYS_SEARCH_USER_PATHS = NO;
				CLANG_ANALYZER_NONNULL = YES;
				CLANG_ANALYZER_NUMBER_OBJECT_CONVERSION = YES_AGGRESSIVE;
				CLANG_CXX_LANGUAGE_STANDARD = "gnu++14";
				CLANG_CXX_LIBRARY = "libc++";
				CLANG_ENABLE_MODULES = YES;
				CLANG_ENABLE_OBJC_ARC = YES;
				CLANG_ENABLE_OBJC_WEAK = YES;
				CLANG_WARN_BLOCK_CAPTURE_AUTORELEASING = YES;
				CLANG_WARN_BOOL_CONVERSION = YES;
				CLANG_WARN_COMMA = YES;
				CLANG_WARN_CONSTANT_CONVERSION = YES;
				CLANG_WARN_DEPRECATED_OBJC_IMPLEMENTATIONS = YES;
				CLANG_WARN_DIRECT_OBJC_ISA_USAGE = YES_ERROR;
				CLANG_WARN_DOCUMENTATION_COMMENTS = YES;
				CLANG_WARN_EMPTY_BODY = YES;
				CLANG_WARN_ENUM_CONVERSION = YES;
				CLANG_WARN_INFINITE_RECURSION = YES;
				CLANG_WARN_INT_CONVERSION = YES;
				CLANG_WARN_NON_LITERAL_NULL_CONVERSION = YES;
				CLANG_WARN_OBJC_IMPLICIT_RETAIN_SELF = YES;
				CLANG_WARN_OBJC_LITERAL_CONVERSION = YES;
				CLANG_WARN_OBJC_ROOT_CLASS = YES_ERROR;
				CLANG_WARN_RANGE_LOOP_ANALYSIS = YES;
				CLANG_WARN_STRICT_PROTOTYPES = YES;
				CLANG_WARN_SUSPICIOUS_MOVE = YES;
				CLANG_WARN_UNGUARDED_AVAILABILITY = YES_AGGRESSIVE;
				CLANG_WARN_UNREACHABLE_CODE = YES;
				CLANG_WARN__DUPLICATE_METHOD_MATCH = YES;
				CODE_SIGN_IDENTITY = "iPhone Developer";
				COPY_PHASE_STRIP = NO;
				DEBUG_INFORMATION_FORMAT = "dwarf-with-dsym";
				ENABLE_NS_ASSERTIONS = NO;
				ENABLE_STRICT_OBJC_MSGSEND = YES;
				GCC_C_LANGUAGE_STANDARD = gnu11;
				GCC_NO_COMMON_BLOCKS = YES;
				GCC_WARN_64_TO_32_BIT_CONVERSION = YES;
				GCC_WARN_ABOUT_RETURN_TYPE = YES_ERROR;
				GCC_WARN_UNDECLARED_SELECTOR = YES;
				GCC_WARN_UNINITIALIZED_AUTOS = YES_AGGRESSIVE;
				GCC_WARN_UNUSED_FUNCTION = YES;
				GCC_WARN_UNUSED_VARIABLE = YES;
				IPHONEOS_DEPLOYMENT_TARGET = 12.2;
				MTL_ENABLE_DEBUG_INFO = NO;
				MTL_FAST_MATH = YES;
				SDKROOT = iphoneos;
				SWIFT_COMPILATION_MODE = wholemodule;
				SWIFT_OPTIMIZATION_LEVEL = "-O";
				VALIDATE_PRODUCT = YES;
			};
			name = Release;
		};
		4556A72623392C1F00FD0CC5 /* Debug */ = {
			isa = XCBuildConfiguration;
			buildSettings = {
				ASSETCATALOG_COMPILER_APPICON_NAME = AppIcon;
				CODE_SIGN_STYLE = Automatic;
				INFOPLIST_FILE = RvBNB/Info.plist;
				LD_RUNPATH_SEARCH_PATHS = (
					"$(inherited)",
					"@executable_path/Frameworks",
				);
				PRODUCT_BUNDLE_IDENTIFIER = com.flash.RvBNB;
				PRODUCT_NAME = "$(TARGET_NAME)";
				SWIFT_VERSION = 5.0;
				TARGETED_DEVICE_FAMILY = "1,2";
			};
			name = Debug;
		};
		4556A72723392C1F00FD0CC5 /* Release */ = {
			isa = XCBuildConfiguration;
			buildSettings = {
				ASSETCATALOG_COMPILER_APPICON_NAME = AppIcon;
				CODE_SIGN_STYLE = Automatic;
				INFOPLIST_FILE = RvBNB/Info.plist;
				LD_RUNPATH_SEARCH_PATHS = (
					"$(inherited)",
					"@executable_path/Frameworks",
				);
				PRODUCT_BUNDLE_IDENTIFIER = com.flash.RvBNB;
				PRODUCT_NAME = "$(TARGET_NAME)";
				SWIFT_VERSION = 5.0;
				TARGETED_DEVICE_FAMILY = "1,2";
			};
			name = Release;
		};
/* End XCBuildConfiguration section */

/* Begin XCConfigurationList section */
		4556A70E23392C1E00FD0CC5 /* Build configuration list for PBXProject "RvBNB" */ = {
			isa = XCConfigurationList;
			buildConfigurations = (
				4556A72323392C1F00FD0CC5 /* Debug */,
				4556A72423392C1F00FD0CC5 /* Release */,
			);
			defaultConfigurationIsVisible = 0;
			defaultConfigurationName = Release;
		};
		4556A72523392C1F00FD0CC5 /* Build configuration list for PBXNativeTarget "RvBNB" */ = {
			isa = XCConfigurationList;
			buildConfigurations = (
				4556A72623392C1F00FD0CC5 /* Debug */,
				4556A72723392C1F00FD0CC5 /* Release */,
			);
			defaultConfigurationIsVisible = 0;
			defaultConfigurationName = Release;
		};
/* End XCConfigurationList section */

/* Begin XCVersionGroup section */
		DDEE8D00233A6D1500F8AB4A /* RvBNB.xcdatamodeld */ = {
			isa = XCVersionGroup;
			children = (
				DDEE8D01233A6D1500F8AB4A /* RvBNB.xcdatamodel */,
			);
			currentVersion = DDEE8D01233A6D1500F8AB4A /* RvBNB.xcdatamodel */;
			path = RvBNB.xcdatamodeld;
			sourceTree = "<group>";
			versionGroupType = wrapper.xcdatamodel;
		};
/* End XCVersionGroup section */
	};
	rootObject = 4556A70B23392C1E00FD0CC5 /* Project object */;
}
